GEM
  remote: https://rubygems.org/
  specs:
    asciidoctor (2.0.23)
    asciidoctor-diagram (2.3.1)
      asciidoctor (>= 1.5.7, < 3.x)
      asciidoctor-diagram-ditaamini (~> 1.0)
      asciidoctor-diagram-plantuml (~> 1.2021)
      rexml
    asciidoctor-diagram-batik (1.17)
    asciidoctor-diagram-ditaamini (1.0.3)
    asciidoctor-diagram-plantuml (1.2024.6)
      asciidoctor-diagram-batik (~> 1.17)
    rake (13.1.0)
    rexml (3.2.8)

PLATFORMS
  arm64-darwin-24
  ruby

DEPENDENCIES
  asciidoctor
  asciidoctor-diagram
  rake

BUNDLED WITH
   2.5.18
